
Microsoft Visual Studio Solution File, Format Version 12.00
# Visual Studio Version 16
VisualStudioVersion = 16.0.29905.134
MinimumVisualStudioVersion = 10.0.40219.1
Project("{FAE04EC0-301F-11D3-BF4B-00C04F79EFBC}") = "MW-001_TEST", "MW-001_TEST\MW-001_TEST.csproj", "{A95E4983-38D0-40C1-917C-83CC217D6DF8}"
EndProject
Global
	GlobalSection(SolutionConfigurationPlatforms) = preSolution
		Debug|Any CPU = Debug|Any CPU
		Release|Any CPU = Release|Any CPU
	EndGlobalSection
	GlobalSection(ProjectConfigurationPlatforms) = postSolution
		{A95E4983-38D0-40C1-917C-83CC217D6DF8}.Debug|Any CPU.ActiveCfg = Debug|Any CPU
		{A95E4983-38D0-40C1-917C-83CC217D6DF8}.Debug|Any CPU.Build.0 = Debug|Any CPU
		{A95E4983-38D0-40C1-917C-83CC217D6DF8}.Release|Any CPU.ActiveCfg = Release|Any CPU
		{A95E4983-38D0-40C1-917C-83CC217D6DF8}.Release|Any CPU.Build.0 = Release|Any CPU
	EndGlobalSection
	GlobalSection(SolutionProperties) = preSolution
		HideSolutionNode = FALSE
	EndGlobalSection
	GlobalSection(ExtensibilityGlobals) = postSolution
		SolutionGuid = {3874A07A-B249-48CF-921B-F6986E425299}
	EndGlobalSection
EndGlobal
